github.com/cjtoolkit/ctx v1.1.0 h1:I5CYxCpBgf53WBsbtexKDTohA+kHY1Dj+kQ5XM25aBE=
github.com/cjtoolkit/ctx v1.1.0/go.mod h1:y6HCczTZ82vY+sBkZ/WdpdVKQlWl7YHYEEbwVsOtaQE=
github.com/cjtoolkit/validate v1.0.2 h1:502iaTFJ0kZ27ZwSfQaSQb7Ipd4+UJloOaD5NvwoQy0=
github.com/cjtoolkit/validate v1.0.2/go.mod h1:3HhbKkv7YabSiqUF20ScUZGyUp5CZlbt1xwBxddtdVI=
github.com/gorilla/schema v1.0.2 h1:sAgNfOcNYvdDSrzGHVy9nzCQahG+qmsg+nE8dK85QRA=
github.com/gorilla/schema v1.0.2/go.mod h1:kgLaKoK1FELgZqMAVxx/5cbj0kT+57qxUrAlIO2eleU=
github.com/julienschmidt/httprouter v0.0.0-20180411154501-adbc77eec0d9 h1:TrJiKy0TujUDAEeXQCwLjfoU0JtkOG3yImw3jAWJxo0=
github.com/julienschmidt/httprouter v0.0.0-20180411154501-adbc77eec0d9/go.mod h1:SYymIcj16QtmaHHD7aYtjjsJG7VTCxuUUipMqKk8s4w=
github.com/thedevsaddam/govalidator v1.9.1 h1:8lOLDsxrEgFZO8I3/DcRJsd3v7hZeVJdTqSzJYf/3N0=
github.com/thedevsaddam/govalidator v1.9.1/go.mod h1:Ilx8u7cg5g3LXbSS943cx5kczyNuUn7LH/cK5MYuE90=
